
Microsoft Visual Studio Solution File, Format Version 12.00
# Visual Studio Version 16
VisualStudioVersion = 16.0.30907.101
MinimumVisualStudioVersion = 10.0.40219.1
Project("{2150E333-8FDC-42A3-9474-1A3956D46DE8}") = "Chapter02", "Chapter02", "{339B7F45-B836-4079-AEDC-1B29E4B86CB5}"
EndProject
Project("{FAE04EC0-301F-11D3-BF4B-00C04F79EFBC}") = "DistanceConverter", "DistanceConverter\DistanceConverter.csproj", "{3B2D8B46-47B1-4F89-8F38-5B0073B239F1}"
EndProject
Project("{FAE04EC0-301F-11D3-BF4B-00C04F79EFBC}") = "SalesCalculator", "SalesCalculator\SalesCalculator.csproj", "{DA013555-02A6-4806-9193-8585397D379F}"
EndProject
Global
	GlobalSection(SolutionConfigurationPlatforms) = preSolution
		Debug|Any CPU = Debug|Any CPU
		Release|Any CPU = Release|Any CPU
	EndGlobalSection
	GlobalSection(ProjectConfigurationPlatforms) = postSolution
		{3B2D8B46-47B1-4F89-8F38-5B0073B239F1}.Debug|Any CPU.ActiveCfg = Debug|Any CPU
		{3B2D8B46-47B1-4F89-8F38-5B0073B239F1}.Debug|Any CPU.Build.0 = Debug|Any CPU
		{3B2D8B46-47B1-4F89-8F38-5B0073B239F1}.Release|Any CPU.ActiveCfg = Release|Any CPU
		{3B2D8B46-47B1-4F89-8F38-5B0073B239F1}.Release|Any CPU.Build.0 = Release|Any CPU
		{DA013555-02A6-4806-9193-8585397D379F}.Debug|Any CPU.ActiveCfg = Debug|Any CPU
		{DA013555-02A6-4806-9193-8585397D379F}.Debug|Any CPU.Build.0 = Debug|Any CPU
		{DA013555-02A6-4806-9193-8585397D379F}.Release|Any CPU.ActiveCfg = Release|Any CPU
		{DA013555-02A6-4806-9193-8585397D379F}.Release|Any CPU.Build.0 = Release|Any CPU
	EndGlobalSection
	GlobalSection(SolutionProperties) = preSolution
		HideSolutionNode = FALSE
	EndGlobalSection
	GlobalSection(NestedProjects) = preSolution
		{3B2D8B46-47B1-4F89-8F38-5B0073B239F1} = {339B7F45-B836-4079-AEDC-1B29E4B86CB5}
		{DA013555-02A6-4806-9193-8585397D379F} = {339B7F45-B836-4079-AEDC-1B29E4B86CB5}
	EndGlobalSection
	GlobalSection(ExtensibilityGlobals) = postSolution
		SolutionGuid = {B7FE0226-1FA1-4BDE-826C-7C32A0534B1F}
	EndGlobalSection
EndGlobal
