
Microsoft Visual Studio Solution File, Format Version 12.00
# Visual Studio Version 16
VisualStudioVersion = 16.0.30907.101
MinimumVisualStudioVersion = 10.0.40219.1
Project("{2150E333-8FDC-42A3-9474-1A3956D46DE8}") = "Chapter02", "Chapter02", "{339B7F45-B836-4079-AEDC-1B29E4B86CB5}"
EndProject
Project("{FAE04EC0-301F-11D3-BF4B-00C04F79EFBC}") = "DistanceConverter", "DistanceConverter\DistanceConverter.csproj", "{3B2D8B46-47B1-4F89-8F38-5B0073B239F1}"
EndProject
Project("{FAE04EC0-301F-11D3-BF4B-00C04F79EFBC}") = "SalesCalculator", "SalesCalculator\SalesCalculator.csproj", "{DA013555-02A6-4806-9193-8585397D379F}"
EndProject
Project("{2150E333-8FDC-42A3-9474-1A3956D46DE8}") = "Exercise", "Exercise", "{0F7F8725-545F-43C9-AFEC-035506035FDA}"
EndProject
Project("{FAE04EC0-301F-11D3-BF4B-00C04F79EFBC}") = "Exercise2", "Exercise2\Exercise2.csproj", "{AAEECBAC-1191-467F-B397-3045FBDBA8EE}"
EndProject
Project("{FAE04EC0-301F-11D3-BF4B-00C04F79EFBC}") = "Exercise1", "Exercise1\Exercise1.csproj", "{383C728A-9502-4B70-AB0C-82C5FF5B0EB6}"
EndProject
Project("{FAE04EC0-301F-11D3-BF4B-00C04F79EFBC}") = "Exercise3", "Exercise3\Exercise3.csproj", "{62A2EDA9-B648-46F0-9193-E5F3D6AC3827}"
EndProject
Project("{2150E333-8FDC-42A3-9474-1A3956D46DE8}") = "Chapter03", "Chapter03", "{1D90D3AE-37EB-4ECC-B116-F0EB9BD9A226}"
EndProject
Project("{FAE04EC0-301F-11D3-BF4B-00C04F79EFBC}") = "Section01", "Section01\Section01.csproj", "{989F8AB4-E1E8-4E76-9BB0-4ABC288EAA11}"
EndProject
Project("{FAE04EC0-301F-11D3-BF4B-00C04F79EFBC}") = "Section01", "Chapter04\Section01\Section01.csproj", "{7DE441F0-C848-403A-821E-E1F29ED9656A}"
EndProject
Project("{2150E333-8FDC-42A3-9474-1A3956D46DE8}") = "Chapter04", "Chapter04", "{55BC619F-B39B-4CF5-9BAF-937A10A3B31C}"
EndProject
Project("{FAE04EC0-301F-11D3-BF4B-00C04F79EFBC}") = "Exercise1", "Chapter04\Exercise\Exercise1\Exercise1.csproj", "{60D5DEDA-5D22-4342-92BD-7B9123A88E44}"
EndProject
Project("{2150E333-8FDC-42A3-9474-1A3956D46DE8}") = "Exercise", "Exercise", "{51E2FEB3-1FC6-4A27-9E64-3E64B167D0A4}"
EndProject
Project("{FAE04EC0-301F-11D3-BF4B-00C04F79EFBC}") = "Exercise2", "Chapter04\Exercise\Exercise2\Exercise2.csproj", "{E4471BD8-289C-47D2-98EF-CB2351A23436}"
EndProject
Project("{FAE04EC0-301F-11D3-BF4B-00C04F79EFBC}") = "Exercise1", "Chapter05\Exercise1\Exercise1.csproj", "{3DD1DE15-F73C-48D0-9816-A8CA60FEF384}"
EndProject
Project("{2150E333-8FDC-42A3-9474-1A3956D46DE8}") = "Chapter05", "Chapter05", "{022777AA-EF58-4D0E-AB66-657ACB3A7E24}"
EndProject
Project("{FAE04EC0-301F-11D3-BF4B-00C04F79EFBC}") = "Test01", "TestProject\Test01\Test01.csproj", "{2BFACDC3-F44D-4199-8498-F5C3C4AC0335}"
EndProject
Project("{FAE04EC0-301F-11D3-BF4B-00C04F79EFBC}") = "Test02", "TestProject\Test02\Test02.csproj", "{E461C0A8-8900-485C-B520-E929BA33F712}"
EndProject
Project("{2150E333-8FDC-42A3-9474-1A3956D46DE8}") = "TestProject", "TestProject", "{17E632CE-18BA-4524-85D9-BC0107669FF6}"
EndProject
Project("{FAE04EC0-301F-11D3-BF4B-00C04F79EFBC}") = "Exercise2", "Chapter05\Exercise2\Exercise2.csproj", "{8CE4DBF8-4915-48CD-AFFE-4667CE4C3D23}"
EndProject
Project("{FAE04EC0-301F-11D3-BF4B-00C04F79EFBC}") = "Exercise3", "Chapter05\Exercise3\Exercise3.csproj", "{AAC27864-F973-4BAE-973D-5825F7958BC1}"
EndProject
Project("{FAE04EC0-301F-11D3-BF4B-00C04F79EFBC}") = "Section01", "Chapter06\Section01\Section01.csproj", "{A53CCA83-116C-4A3C-9BEE-359232EE5A4E}"
EndProject
Project("{2150E333-8FDC-42A3-9474-1A3956D46DE8}") = "Chapter06", "Chapter06", "{2556A363-502E-4462-A12B-D493ABFC446B}"
EndProject
Project("{FAE04EC0-301F-11D3-BF4B-00C04F79EFBC}") = "Exercise1", "Chapter06\Exercise\Exercise1\Exercise1.csproj", "{CD3EB011-6446-48D5-B378-4E4B1D4B2A10}"
EndProject
Project("{FAE04EC0-301F-11D3-BF4B-00C04F79EFBC}") = "Exercise2", "Chapter06\Exercise2\Exercise2.csproj", "{0DC01BB4-AB29-482C-9955-A39CE78B0294}"
EndProject
Project("{2150E333-8FDC-42A3-9474-1A3956D46DE8}") = "Chapter07", "Chapter07", "{7681493C-37E3-43E1-9B74-9A9C2909EA4E}"
EndProject
Project("{FAE04EC0-301F-11D3-BF4B-00C04F79EFBC}") = "Exercise1", "Chapter07\Exercise1\Exercise1.csproj", "{D22FB321-8289-4DBD-982C-4737889D54F6}"
EndProject
Project("{FAE04EC0-301F-11D3-BF4B-00C04F79EFBC}") = "Section03", "Chapter07\Section03\Section03.csproj", "{9666A25E-BC82-487A-A2BF-FF02E7DD010C}"
EndProject
Project("{2150E333-8FDC-42A3-9474-1A3956D46DE8}") = "Chapter08", "Chapter08", "{328A47E7-A60E-446D-89B1-1511606D46A1}"
EndProject
Project("{FAE04EC0-301F-11D3-BF4B-00C04F79EFBC}") = "Exercise1", "Chapter08\Exercise1\Exercise1.csproj", "{36BB6220-3A19-422C-B591-FFA46BBCBEFF}"
EndProject
Project("{2150E333-8FDC-42A3-9474-1A3956D46DE8}") = "Exercise", "Exercise", "{3CE77657-5189-40B0-93FD-AA2D59660640}"
EndProject
Project("{FAE04EC0-301F-11D3-BF4B-00C04F79EFBC}") = "Exercise1", "Chapter08\Exercise\Exercise1\Exercise1.csproj", "{85EE9AE3-9167-42CF-BEA7-AACFD20D1C0E}"
EndProject
Project("{FAE04EC0-301F-11D3-BF4B-00C04F79EFBC}") = "Exercise2", "Chapter08\Exercise\Exercise2\Exercise2.csproj", "{52B94E3A-C964-48AB-AA83-67608BC3AC00}"
EndProject
Project("{2150E333-8FDC-42A3-9474-1A3956D46DE8}") = "Chapter09", "Chapter09", "{9A8A0E15-EAED-4157-9344-3163998F99F3}"
EndProject
Project("{FAE04EC0-301F-11D3-BF4B-00C04F79EFBC}") = "Exercise1", "Chapter09\Exercise1\Exercise1.csproj", "{D037AEEC-E554-44AA-B57F-A0B7228BD89A}"
EndProject
Project("{2150E333-8FDC-42A3-9474-1A3956D46DE8}") = "CarReportSystem", "CarReportSystem", "{D29D1C74-D3B7-4FF4-8C42-12E313F565CC}"
EndProject
Project("{FAE04EC0-301F-11D3-BF4B-00C04F79EFBC}") = "CarReportSystem", "CarReportSystem\CarReportSystem\CarReportSystem.csproj", "{B10D4073-53C0-435C-9299-A186D9A04BD7}"
EndProject
Project("{FAE04EC0-301F-11D3-BF4B-00C04F79EFBC}") = "Exercise2", "Chapter09\Exercise2\Exercise2.csproj", "{C4CBB8B2-A13F-4AEF-86A2-0CB35602784F}"
EndProject
Project("{FAE04EC0-301F-11D3-BF4B-00C04F79EFBC}") = "Exercise3", "Chapter09\Exercise3\Exercise3.csproj", "{1E20032F-9525-4EFF-8357-39162C105BCC}"
EndProject
Project("{FAE04EC0-301F-11D3-BF4B-00C04F79EFBC}") = "Sample0823", "Sample0823\Sample0823.csproj", "{9084A1E5-1184-4F47-A2F3-3A814905C83A}"
EndProject
Project("{2150E333-8FDC-42A3-9474-1A3956D46DE8}") = "Chapter11", "Chapter11", "{15B528B5-3300-4D67-9940-B1448C43209D}"
	ProjectSection(SolutionItems) = preProject
		..\..\..\..\Downloads\novelists.xml = ..\..\..\..\Downloads\novelists.xml
	EndProjectSection
EndProject
Project("{FAE04EC0-301F-11D3-BF4B-00C04F79EFBC}") = "Section01", "Chapter11\Section01\Section01.csproj", "{6B5A5A80-2FE2-4E8D-8FAA-3050D1A95CD5}"
EndProject
Project("{FAE04EC0-301F-11D3-BF4B-00C04F79EFBC}") = "Exercise1", "Chapter11\Exercise1\Exercise1.csproj", "{A6BF34D7-5DCF-4963-9E47-B825464BED55}"
EndProject
Project("{FAE04EC0-301F-11D3-BF4B-00C04F79EFBC}") = "Section02", "Chapter11\Section02\Section02.csproj", "{8581F848-87EB-4927-889E-8DBCB5561B9B}"
EndProject
Project("{FAE04EC0-301F-11D3-BF4B-00C04F79EFBC}") = "Exercise2", "Chapter11\Exercise2\Exercise2.csproj", "{8E4B9384-F30C-4408-8CE7-7DA660DCC39E}"
EndProject
Project("{2150E333-8FDC-42A3-9474-1A3956D46DE8}") = "Chapter14", "Chapter14", "{1C3260FC-3569-47A0-A874-BB9C1186C034}"
EndProject
Project("{FAE04EC0-301F-11D3-BF4B-00C04F79EFBC}") = "Section04", "Chapter14\Section04\Section04.csproj", "{CA66BAF9-7857-43EA-8FEB-B04F64B79DC9}"
EndProject
Project("{2150E333-8FDC-42A3-9474-1A3956D46DE8}") = "WeatherApp", "WeatherApp", "{FC4E1F09-DD0D-4E86-A200-F73022AE606F}"
EndProject
Project("{FAE04EC0-301F-11D3-BF4B-00C04F79EFBC}") = "WeatherApp", "WeatherApp\WetherApp\WeatherApp\WeatherApp.csproj", "{63D166EC-8EB1-49EA-9009-AA42ABAFE1C9}"
EndProject
Project("{2150E333-8FDC-42A3-9474-1A3956D46DE8}") = "RssReader", "RssReader", "{A5BD9086-72C8-40CA-8EFB-8CA5D3B0EA2F}"
EndProject
Project("{FAE04EC0-301F-11D3-BF4B-00C04F79EFBC}") = "RssReader", "RssReader\RssReader\RssReader.csproj", "{84625C4F-AE65-409E-B62F-9EF2BEBF3BD8}"
EndProject
Global
	GlobalSection(SolutionConfigurationPlatforms) = preSolution
		Debug|Any CPU = Debug|Any CPU
		Release|Any CPU = Release|Any CPU
	EndGlobalSection
	GlobalSection(ProjectConfigurationPlatforms) = postSolution
		{3B2D8B46-47B1-4F89-8F38-5B0073B239F1}.Debug|Any CPU.ActiveCfg = Debug|Any CPU
		{3B2D8B46-47B1-4F89-8F38-5B0073B239F1}.Debug|Any CPU.Build.0 = Debug|Any CPU
		{3B2D8B46-47B1-4F89-8F38-5B0073B239F1}.Release|Any CPU.ActiveCfg = Release|Any CPU
		{3B2D8B46-47B1-4F89-8F38-5B0073B239F1}.Release|Any CPU.Build.0 = Release|Any CPU
		{DA013555-02A6-4806-9193-8585397D379F}.Debug|Any CPU.ActiveCfg = Debug|Any CPU
		{DA013555-02A6-4806-9193-8585397D379F}.Debug|Any CPU.Build.0 = Debug|Any CPU
		{DA013555-02A6-4806-9193-8585397D379F}.Release|Any CPU.ActiveCfg = Release|Any CPU
		{DA013555-02A6-4806-9193-8585397D379F}.Release|Any CPU.Build.0 = Release|Any CPU
		{AAEECBAC-1191-467F-B397-3045FBDBA8EE}.Debug|Any CPU.ActiveCfg = Debug|Any CPU
		{AAEECBAC-1191-467F-B397-3045FBDBA8EE}.Debug|Any CPU.Build.0 = Debug|Any CPU
		{AAEECBAC-1191-467F-B397-3045FBDBA8EE}.Release|Any CPU.ActiveCfg = Release|Any CPU
		{AAEECBAC-1191-467F-B397-3045FBDBA8EE}.Release|Any CPU.Build.0 = Release|Any CPU
		{383C728A-9502-4B70-AB0C-82C5FF5B0EB6}.Debug|Any CPU.ActiveCfg = Debug|Any CPU
		{383C728A-9502-4B70-AB0C-82C5FF5B0EB6}.Debug|Any CPU.Build.0 = Debug|Any CPU
		{383C728A-9502-4B70-AB0C-82C5FF5B0EB6}.Release|Any CPU.ActiveCfg = Release|Any CPU
		{383C728A-9502-4B70-AB0C-82C5FF5B0EB6}.Release|Any CPU.Build.0 = Release|Any CPU
		{62A2EDA9-B648-46F0-9193-E5F3D6AC3827}.Debug|Any CPU.ActiveCfg = Debug|Any CPU
		{62A2EDA9-B648-46F0-9193-E5F3D6AC3827}.Debug|Any CPU.Build.0 = Debug|Any CPU
		{62A2EDA9-B648-46F0-9193-E5F3D6AC3827}.Release|Any CPU.ActiveCfg = Release|Any CPU
		{62A2EDA9-B648-46F0-9193-E5F3D6AC3827}.Release|Any CPU.Build.0 = Release|Any CPU
		{989F8AB4-E1E8-4E76-9BB0-4ABC288EAA11}.Debug|Any CPU.ActiveCfg = Debug|Any CPU
		{989F8AB4-E1E8-4E76-9BB0-4ABC288EAA11}.Debug|Any CPU.Build.0 = Debug|Any CPU
		{989F8AB4-E1E8-4E76-9BB0-4ABC288EAA11}.Release|Any CPU.ActiveCfg = Release|Any CPU
		{989F8AB4-E1E8-4E76-9BB0-4ABC288EAA11}.Release|Any CPU.Build.0 = Release|Any CPU
		{7DE441F0-C848-403A-821E-E1F29ED9656A}.Debug|Any CPU.ActiveCfg = Debug|Any CPU
		{7DE441F0-C848-403A-821E-E1F29ED9656A}.Debug|Any CPU.Build.0 = Debug|Any CPU
		{7DE441F0-C848-403A-821E-E1F29ED9656A}.Release|Any CPU.ActiveCfg = Release|Any CPU
		{7DE441F0-C848-403A-821E-E1F29ED9656A}.Release|Any CPU.Build.0 = Release|Any CPU
		{60D5DEDA-5D22-4342-92BD-7B9123A88E44}.Debug|Any CPU.ActiveCfg = Debug|Any CPU
		{60D5DEDA-5D22-4342-92BD-7B9123A88E44}.Debug|Any CPU.Build.0 = Debug|Any CPU
		{60D5DEDA-5D22-4342-92BD-7B9123A88E44}.Release|Any CPU.ActiveCfg = Release|Any CPU
		{60D5DEDA-5D22-4342-92BD-7B9123A88E44}.Release|Any CPU.Build.0 = Release|Any CPU
		{E4471BD8-289C-47D2-98EF-CB2351A23436}.Debug|Any CPU.ActiveCfg = Debug|Any CPU
		{E4471BD8-289C-47D2-98EF-CB2351A23436}.Debug|Any CPU.Build.0 = Debug|Any CPU
		{E4471BD8-289C-47D2-98EF-CB2351A23436}.Release|Any CPU.ActiveCfg = Release|Any CPU
		{E4471BD8-289C-47D2-98EF-CB2351A23436}.Release|Any CPU.Build.0 = Release|Any CPU
		{3DD1DE15-F73C-48D0-9816-A8CA60FEF384}.Debug|Any CPU.ActiveCfg = Debug|Any CPU
		{3DD1DE15-F73C-48D0-9816-A8CA60FEF384}.Debug|Any CPU.Build.0 = Debug|Any CPU
		{3DD1DE15-F73C-48D0-9816-A8CA60FEF384}.Release|Any CPU.ActiveCfg = Release|Any CPU
		{3DD1DE15-F73C-48D0-9816-A8CA60FEF384}.Release|Any CPU.Build.0 = Release|Any CPU
		{2BFACDC3-F44D-4199-8498-F5C3C4AC0335}.Debug|Any CPU.ActiveCfg = Debug|Any CPU
		{2BFACDC3-F44D-4199-8498-F5C3C4AC0335}.Debug|Any CPU.Build.0 = Debug|Any CPU
		{2BFACDC3-F44D-4199-8498-F5C3C4AC0335}.Release|Any CPU.ActiveCfg = Release|Any CPU
		{2BFACDC3-F44D-4199-8498-F5C3C4AC0335}.Release|Any CPU.Build.0 = Release|Any CPU
		{E461C0A8-8900-485C-B520-E929BA33F712}.Debug|Any CPU.ActiveCfg = Debug|Any CPU
		{E461C0A8-8900-485C-B520-E929BA33F712}.Debug|Any CPU.Build.0 = Debug|Any CPU
		{E461C0A8-8900-485C-B520-E929BA33F712}.Release|Any CPU.ActiveCfg = Release|Any CPU
		{E461C0A8-8900-485C-B520-E929BA33F712}.Release|Any CPU.Build.0 = Release|Any CPU
		{8CE4DBF8-4915-48CD-AFFE-4667CE4C3D23}.Debug|Any CPU.ActiveCfg = Debug|Any CPU
		{8CE4DBF8-4915-48CD-AFFE-4667CE4C3D23}.Debug|Any CPU.Build.0 = Debug|Any CPU
		{8CE4DBF8-4915-48CD-AFFE-4667CE4C3D23}.Release|Any CPU.ActiveCfg = Release|Any CPU
		{8CE4DBF8-4915-48CD-AFFE-4667CE4C3D23}.Release|Any CPU.Build.0 = Release|Any CPU
		{AAC27864-F973-4BAE-973D-5825F7958BC1}.Debug|Any CPU.ActiveCfg = Debug|Any CPU
		{AAC27864-F973-4BAE-973D-5825F7958BC1}.Debug|Any CPU.Build.0 = Debug|Any CPU
		{AAC27864-F973-4BAE-973D-5825F7958BC1}.Release|Any CPU.ActiveCfg = Release|Any CPU
		{AAC27864-F973-4BAE-973D-5825F7958BC1}.Release|Any CPU.Build.0 = Release|Any CPU
		{A53CCA83-116C-4A3C-9BEE-359232EE5A4E}.Debug|Any CPU.ActiveCfg = Debug|Any CPU
		{A53CCA83-116C-4A3C-9BEE-359232EE5A4E}.Debug|Any CPU.Build.0 = Debug|Any CPU
		{A53CCA83-116C-4A3C-9BEE-359232EE5A4E}.Release|Any CPU.ActiveCfg = Release|Any CPU
		{A53CCA83-116C-4A3C-9BEE-359232EE5A4E}.Release|Any CPU.Build.0 = Release|Any CPU
		{CD3EB011-6446-48D5-B378-4E4B1D4B2A10}.Debug|Any CPU.ActiveCfg = Debug|Any CPU
		{CD3EB011-6446-48D5-B378-4E4B1D4B2A10}.Debug|Any CPU.Build.0 = Debug|Any CPU
		{CD3EB011-6446-48D5-B378-4E4B1D4B2A10}.Release|Any CPU.ActiveCfg = Release|Any CPU
		{CD3EB011-6446-48D5-B378-4E4B1D4B2A10}.Release|Any CPU.Build.0 = Release|Any CPU
		{0DC01BB4-AB29-482C-9955-A39CE78B0294}.Debug|Any CPU.ActiveCfg = Debug|Any CPU
		{0DC01BB4-AB29-482C-9955-A39CE78B0294}.Debug|Any CPU.Build.0 = Debug|Any CPU
		{0DC01BB4-AB29-482C-9955-A39CE78B0294}.Release|Any CPU.ActiveCfg = Release|Any CPU
		{0DC01BB4-AB29-482C-9955-A39CE78B0294}.Release|Any CPU.Build.0 = Release|Any CPU
		{D22FB321-8289-4DBD-982C-4737889D54F6}.Debug|Any CPU.ActiveCfg = Debug|Any CPU
		{D22FB321-8289-4DBD-982C-4737889D54F6}.Debug|Any CPU.Build.0 = Debug|Any CPU
		{D22FB321-8289-4DBD-982C-4737889D54F6}.Release|Any CPU.ActiveCfg = Release|Any CPU
		{D22FB321-8289-4DBD-982C-4737889D54F6}.Release|Any CPU.Build.0 = Release|Any CPU
		{9666A25E-BC82-487A-A2BF-FF02E7DD010C}.Debug|Any CPU.ActiveCfg = Debug|Any CPU
		{9666A25E-BC82-487A-A2BF-FF02E7DD010C}.Debug|Any CPU.Build.0 = Debug|Any CPU
		{9666A25E-BC82-487A-A2BF-FF02E7DD010C}.Release|Any CPU.ActiveCfg = Release|Any CPU
		{9666A25E-BC82-487A-A2BF-FF02E7DD010C}.Release|Any CPU.Build.0 = Release|Any CPU
		{36BB6220-3A19-422C-B591-FFA46BBCBEFF}.Debug|Any CPU.ActiveCfg = Debug|Any CPU
		{36BB6220-3A19-422C-B591-FFA46BBCBEFF}.Debug|Any CPU.Build.0 = Debug|Any CPU
		{36BB6220-3A19-422C-B591-FFA46BBCBEFF}.Release|Any CPU.ActiveCfg = Release|Any CPU
		{36BB6220-3A19-422C-B591-FFA46BBCBEFF}.Release|Any CPU.Build.0 = Release|Any CPU
		{85EE9AE3-9167-42CF-BEA7-AACFD20D1C0E}.Debug|Any CPU.ActiveCfg = Debug|Any CPU
		{85EE9AE3-9167-42CF-BEA7-AACFD20D1C0E}.Debug|Any CPU.Build.0 = Debug|Any CPU
		{85EE9AE3-9167-42CF-BEA7-AACFD20D1C0E}.Release|Any CPU.ActiveCfg = Release|Any CPU
		{85EE9AE3-9167-42CF-BEA7-AACFD20D1C0E}.Release|Any CPU.Build.0 = Release|Any CPU
		{52B94E3A-C964-48AB-AA83-67608BC3AC00}.Debug|Any CPU.ActiveCfg = Debug|Any CPU
		{52B94E3A-C964-48AB-AA83-67608BC3AC00}.Debug|Any CPU.Build.0 = Debug|Any CPU
		{52B94E3A-C964-48AB-AA83-67608BC3AC00}.Release|Any CPU.ActiveCfg = Release|Any CPU
		{52B94E3A-C964-48AB-AA83-67608BC3AC00}.Release|Any CPU.Build.0 = Release|Any CPU
		{D037AEEC-E554-44AA-B57F-A0B7228BD89A}.Debug|Any CPU.ActiveCfg = Debug|Any CPU
		{D037AEEC-E554-44AA-B57F-A0B7228BD89A}.Debug|Any CPU.Build.0 = Debug|Any CPU
		{D037AEEC-E554-44AA-B57F-A0B7228BD89A}.Release|Any CPU.ActiveCfg = Release|Any CPU
		{D037AEEC-E554-44AA-B57F-A0B7228BD89A}.Release|Any CPU.Build.0 = Release|Any CPU
		{B10D4073-53C0-435C-9299-A186D9A04BD7}.Debug|Any CPU.ActiveCfg = Debug|Any CPU
		{B10D4073-53C0-435C-9299-A186D9A04BD7}.Debug|Any CPU.Build.0 = Debug|Any CPU
		{B10D4073-53C0-435C-9299-A186D9A04BD7}.Release|Any CPU.ActiveCfg = Release|Any CPU
		{B10D4073-53C0-435C-9299-A186D9A04BD7}.Release|Any CPU.Build.0 = Release|Any CPU
		{C4CBB8B2-A13F-4AEF-86A2-0CB35602784F}.Debug|Any CPU.ActiveCfg = Debug|Any CPU
		{C4CBB8B2-A13F-4AEF-86A2-0CB35602784F}.Debug|Any CPU.Build.0 = Debug|Any CPU
		{C4CBB8B2-A13F-4AEF-86A2-0CB35602784F}.Release|Any CPU.ActiveCfg = Release|Any CPU
		{C4CBB8B2-A13F-4AEF-86A2-0CB35602784F}.Release|Any CPU.Build.0 = Release|Any CPU
		{1E20032F-9525-4EFF-8357-39162C105BCC}.Debug|Any CPU.ActiveCfg = Debug|Any CPU
		{1E20032F-9525-4EFF-8357-39162C105BCC}.Debug|Any CPU.Build.0 = Debug|Any CPU
		{1E20032F-9525-4EFF-8357-39162C105BCC}.Release|Any CPU.ActiveCfg = Release|Any CPU
		{1E20032F-9525-4EFF-8357-39162C105BCC}.Release|Any CPU.Build.0 = Release|Any CPU
		{9084A1E5-1184-4F47-A2F3-3A814905C83A}.Debug|Any CPU.ActiveCfg = Debug|Any CPU
		{9084A1E5-1184-4F47-A2F3-3A814905C83A}.Debug|Any CPU.Build.0 = Debug|Any CPU
		{9084A1E5-1184-4F47-A2F3-3A814905C83A}.Release|Any CPU.ActiveCfg = Release|Any CPU
		{9084A1E5-1184-4F47-A2F3-3A814905C83A}.Release|Any CPU.Build.0 = Release|Any CPU
		{6B5A5A80-2FE2-4E8D-8FAA-3050D1A95CD5}.Debug|Any CPU.ActiveCfg = Debug|Any CPU
		{6B5A5A80-2FE2-4E8D-8FAA-3050D1A95CD5}.Debug|Any CPU.Build.0 = Debug|Any CPU
		{6B5A5A80-2FE2-4E8D-8FAA-3050D1A95CD5}.Release|Any CPU.ActiveCfg = Release|Any CPU
		{6B5A5A80-2FE2-4E8D-8FAA-3050D1A95CD5}.Release|Any CPU.Build.0 = Release|Any CPU
		{A6BF34D7-5DCF-4963-9E47-B825464BED55}.Debug|Any CPU.ActiveCfg = Debug|Any CPU
		{A6BF34D7-5DCF-4963-9E47-B825464BED55}.Debug|Any CPU.Build.0 = Debug|Any CPU
		{A6BF34D7-5DCF-4963-9E47-B825464BED55}.Release|Any CPU.ActiveCfg = Release|Any CPU
		{A6BF34D7-5DCF-4963-9E47-B825464BED55}.Release|Any CPU.Build.0 = Release|Any CPU
		{8581F848-87EB-4927-889E-8DBCB5561B9B}.Debug|Any CPU.ActiveCfg = Debug|Any CPU
		{8581F848-87EB-4927-889E-8DBCB5561B9B}.Debug|Any CPU.Build.0 = Debug|Any CPU
		{8581F848-87EB-4927-889E-8DBCB5561B9B}.Release|Any CPU.ActiveCfg = Release|Any CPU
		{8581F848-87EB-4927-889E-8DBCB5561B9B}.Release|Any CPU.Build.0 = Release|Any CPU
		{8E4B9384-F30C-4408-8CE7-7DA660DCC39E}.Debug|Any CPU.ActiveCfg = Debug|Any CPU
		{8E4B9384-F30C-4408-8CE7-7DA660DCC39E}.Debug|Any CPU.Build.0 = Debug|Any CPU
		{8E4B9384-F30C-4408-8CE7-7DA660DCC39E}.Release|Any CPU.ActiveCfg = Release|Any CPU
		{8E4B9384-F30C-4408-8CE7-7DA660DCC39E}.Release|Any CPU.Build.0 = Release|Any CPU
		{CA66BAF9-7857-43EA-8FEB-B04F64B79DC9}.Debug|Any CPU.ActiveCfg = Debug|Any CPU
		{CA66BAF9-7857-43EA-8FEB-B04F64B79DC9}.Debug|Any CPU.Build.0 = Debug|Any CPU
		{CA66BAF9-7857-43EA-8FEB-B04F64B79DC9}.Release|Any CPU.ActiveCfg = Release|Any CPU
		{CA66BAF9-7857-43EA-8FEB-B04F64B79DC9}.Release|Any CPU.Build.0 = Release|Any CPU
		{63D166EC-8EB1-49EA-9009-AA42ABAFE1C9}.Debug|Any CPU.ActiveCfg = Debug|Any CPU
		{63D166EC-8EB1-49EA-9009-AA42ABAFE1C9}.Debug|Any CPU.Build.0 = Debug|Any CPU
		{63D166EC-8EB1-49EA-9009-AA42ABAFE1C9}.Release|Any CPU.ActiveCfg = Release|Any CPU
		{63D166EC-8EB1-49EA-9009-AA42ABAFE1C9}.Release|Any CPU.Build.0 = Release|Any CPU
		{84625C4F-AE65-409E-B62F-9EF2BEBF3BD8}.Debug|Any CPU.ActiveCfg = Debug|Any CPU
		{84625C4F-AE65-409E-B62F-9EF2BEBF3BD8}.Debug|Any CPU.Build.0 = Debug|Any CPU
		{84625C4F-AE65-409E-B62F-9EF2BEBF3BD8}.Release|Any CPU.ActiveCfg = Release|Any CPU
		{84625C4F-AE65-409E-B62F-9EF2BEBF3BD8}.Release|Any CPU.Build.0 = Release|Any CPU
	EndGlobalSection
	GlobalSection(SolutionProperties) = preSolution
		HideSolutionNode = FALSE
	EndGlobalSection
	GlobalSection(NestedProjects) = preSolution
		{3B2D8B46-47B1-4F89-8F38-5B0073B239F1} = {339B7F45-B836-4079-AEDC-1B29E4B86CB5}
		{DA013555-02A6-4806-9193-8585397D379F} = {339B7F45-B836-4079-AEDC-1B29E4B86CB5}
		{0F7F8725-545F-43C9-AFEC-035506035FDA} = {339B7F45-B836-4079-AEDC-1B29E4B86CB5}
		{AAEECBAC-1191-467F-B397-3045FBDBA8EE} = {0F7F8725-545F-43C9-AFEC-035506035FDA}
		{383C728A-9502-4B70-AB0C-82C5FF5B0EB6} = {0F7F8725-545F-43C9-AFEC-035506035FDA}
		{62A2EDA9-B648-46F0-9193-E5F3D6AC3827} = {0F7F8725-545F-43C9-AFEC-035506035FDA}
		{989F8AB4-E1E8-4E76-9BB0-4ABC288EAA11} = {1D90D3AE-37EB-4ECC-B116-F0EB9BD9A226}
		{7DE441F0-C848-403A-821E-E1F29ED9656A} = {55BC619F-B39B-4CF5-9BAF-937A10A3B31C}
		{60D5DEDA-5D22-4342-92BD-7B9123A88E44} = {51E2FEB3-1FC6-4A27-9E64-3E64B167D0A4}
		{51E2FEB3-1FC6-4A27-9E64-3E64B167D0A4} = {55BC619F-B39B-4CF5-9BAF-937A10A3B31C}
		{E4471BD8-289C-47D2-98EF-CB2351A23436} = {51E2FEB3-1FC6-4A27-9E64-3E64B167D0A4}
		{3DD1DE15-F73C-48D0-9816-A8CA60FEF384} = {022777AA-EF58-4D0E-AB66-657ACB3A7E24}
		{2BFACDC3-F44D-4199-8498-F5C3C4AC0335} = {17E632CE-18BA-4524-85D9-BC0107669FF6}
		{E461C0A8-8900-485C-B520-E929BA33F712} = {17E632CE-18BA-4524-85D9-BC0107669FF6}
		{8CE4DBF8-4915-48CD-AFFE-4667CE4C3D23} = {022777AA-EF58-4D0E-AB66-657ACB3A7E24}
		{AAC27864-F973-4BAE-973D-5825F7958BC1} = {022777AA-EF58-4D0E-AB66-657ACB3A7E24}
		{A53CCA83-116C-4A3C-9BEE-359232EE5A4E} = {2556A363-502E-4462-A12B-D493ABFC446B}
		{CD3EB011-6446-48D5-B378-4E4B1D4B2A10} = {2556A363-502E-4462-A12B-D493ABFC446B}
		{0DC01BB4-AB29-482C-9955-A39CE78B0294} = {2556A363-502E-4462-A12B-D493ABFC446B}
		{D22FB321-8289-4DBD-982C-4737889D54F6} = {7681493C-37E3-43E1-9B74-9A9C2909EA4E}
		{9666A25E-BC82-487A-A2BF-FF02E7DD010C} = {7681493C-37E3-43E1-9B74-9A9C2909EA4E}
		{36BB6220-3A19-422C-B591-FFA46BBCBEFF} = {328A47E7-A60E-446D-89B1-1511606D46A1}
		{3CE77657-5189-40B0-93FD-AA2D59660640} = {328A47E7-A60E-446D-89B1-1511606D46A1}
		{85EE9AE3-9167-42CF-BEA7-AACFD20D1C0E} = {3CE77657-5189-40B0-93FD-AA2D59660640}
		{52B94E3A-C964-48AB-AA83-67608BC3AC00} = {3CE77657-5189-40B0-93FD-AA2D59660640}
		{D037AEEC-E554-44AA-B57F-A0B7228BD89A} = {9A8A0E15-EAED-4157-9344-3163998F99F3}
		{B10D4073-53C0-435C-9299-A186D9A04BD7} = {D29D1C74-D3B7-4FF4-8C42-12E313F565CC}
		{C4CBB8B2-A13F-4AEF-86A2-0CB35602784F} = {9A8A0E15-EAED-4157-9344-3163998F99F3}
		{1E20032F-9525-4EFF-8357-39162C105BCC} = {9A8A0E15-EAED-4157-9344-3163998F99F3}
		{6B5A5A80-2FE2-4E8D-8FAA-3050D1A95CD5} = {15B528B5-3300-4D67-9940-B1448C43209D}
		{A6BF34D7-5DCF-4963-9E47-B825464BED55} = {15B528B5-3300-4D67-9940-B1448C43209D}
		{8581F848-87EB-4927-889E-8DBCB5561B9B} = {15B528B5-3300-4D67-9940-B1448C43209D}
		{8E4B9384-F30C-4408-8CE7-7DA660DCC39E} = {15B528B5-3300-4D67-9940-B1448C43209D}
		{CA66BAF9-7857-43EA-8FEB-B04F64B79DC9} = {1C3260FC-3569-47A0-A874-BB9C1186C034}
		{63D166EC-8EB1-49EA-9009-AA42ABAFE1C9} = {FC4E1F09-DD0D-4E86-A200-F73022AE606F}
		{84625C4F-AE65-409E-B62F-9EF2BEBF3BD8} = {A5BD9086-72C8-40CA-8EFB-8CA5D3B0EA2F}
	EndGlobalSection
	GlobalSection(ExtensibilityGlobals) = postSolution
		SolutionGuid = {B7FE0226-1FA1-4BDE-826C-7C32A0534B1F}
	EndGlobalSection
EndGlobal
